
Microsoft Visual Studio Solution File, Format Version 12.00
# Visual Studio Version 16
VisualStudioVersion = 16.0.30907.101
MinimumVisualStudioVersion = 10.0.40219.1
Project("{FAE04EC0-301F-11D3-BF4B-00C04F79EFBC}") = "ParkingApp2Server", "ParkingApp2Server\ParkingApp2Server.csproj", "{DD53BF43-BCEE-42F2-B889-DDA76A6E6EBA}"
EndProject
Project("{FAE04EC0-301F-11D3-BF4B-00C04F79EFBC}") = "Entities", "Entities\Entities.csproj", "{743342F6-A87B-43B7-8C1A-337B69E6F4D8}"
EndProject
Project("{FAE04EC0-301F-11D3-BF4B-00C04F79EFBC}") = "Repository", "Repository\Repository.csproj", "{D2D18694-916C-450F-AF87-E4218061EB2A}"
EndProject
Project("{FAE04EC0-301F-11D3-BF4B-00C04F79EFBC}") = "Contracts", "Contracts\Contracts.csproj", "{2674FF0C-F20F-4374-B2B7-C72D117E9958}"
EndProject
Global
	GlobalSection(SolutionConfigurationPlatforms) = preSolution
		Debug|Any CPU = Debug|Any CPU
		Release|Any CPU = Release|Any CPU
	EndGlobalSection
	GlobalSection(ProjectConfigurationPlatforms) = postSolution
		{DD53BF43-BCEE-42F2-B889-DDA76A6E6EBA}.Debug|Any CPU.ActiveCfg = Debug|Any CPU
		{DD53BF43-BCEE-42F2-B889-DDA76A6E6EBA}.Debug|Any CPU.Build.0 = Debug|Any CPU
		{DD53BF43-BCEE-42F2-B889-DDA76A6E6EBA}.Release|Any CPU.ActiveCfg = Release|Any CPU
		{DD53BF43-BCEE-42F2-B889-DDA76A6E6EBA}.Release|Any CPU.Build.0 = Release|Any CPU
		{743342F6-A87B-43B7-8C1A-337B69E6F4D8}.Debug|Any CPU.ActiveCfg = Debug|Any CPU
		{743342F6-A87B-43B7-8C1A-337B69E6F4D8}.Debug|Any CPU.Build.0 = Debug|Any CPU
		{743342F6-A87B-43B7-8C1A-337B69E6F4D8}.Release|Any CPU.ActiveCfg = Release|Any CPU
		{743342F6-A87B-43B7-8C1A-337B69E6F4D8}.Release|Any CPU.Build.0 = Release|Any CPU
		{D2D18694-916C-450F-AF87-E4218061EB2A}.Debug|Any CPU.ActiveCfg = Debug|Any CPU
		{D2D18694-916C-450F-AF87-E4218061EB2A}.Debug|Any CPU.Build.0 = Debug|Any CPU
		{D2D18694-916C-450F-AF87-E4218061EB2A}.Release|Any CPU.ActiveCfg = Release|Any CPU
		{D2D18694-916C-450F-AF87-E4218061EB2A}.Release|Any CPU.Build.0 = Release|Any CPU
		{2674FF0C-F20F-4374-B2B7-C72D117E9958}.Debug|Any CPU.ActiveCfg = Debug|Any CPU
		{2674FF0C-F20F-4374-B2B7-C72D117E9958}.Debug|Any CPU.Build.0 = Debug|Any CPU
		{2674FF0C-F20F-4374-B2B7-C72D117E9958}.Release|Any CPU.ActiveCfg = Release|Any CPU
		{2674FF0C-F20F-4374-B2B7-C72D117E9958}.Release|Any CPU.Build.0 = Release|Any CPU
	EndGlobalSection
	GlobalSection(SolutionProperties) = preSolution
		HideSolutionNode = FALSE
	EndGlobalSection
	GlobalSection(ExtensibilityGlobals) = postSolution
		SolutionGuid = {D508AB5E-B098-4F67-B618-4F21EB554AE9}
	EndGlobalSection
EndGlobal
